// !$*UTF8*$!
{
	archiveVersion = 1;
	classes = {
	};
	objectVersion = 46;
	objects = {

/* Begin PBXBuildFile section */
		84414B921517959D00E959AB /* UIKit.framework in Frameworks */ = {isa = PBXBuildFile; fileRef = 84414B911517959D00E959AB /* UIKit.framework */; };
		84414B941517959D00E959AB /* Foundation.framework in Frameworks */ = {isa = PBXBuildFile; fileRef = 84414B931517959D00E959AB /* Foundation.framework */; };
		84414B961517959D00E959AB /* CoreGraphics.framework in Frameworks */ = {isa = PBXBuildFile; fileRef = 84414B951517959D00E959AB /* CoreGraphics.framework */; };
		84414B9C1517959D00E959AB /* InfoPlist.strings in Resources */ = {isa = PBXBuildFile; fileRef = 84414B9A1517959D00E959AB /* InfoPlist.strings */; };
		84414B9E1517959D00E959AB /* main.m in Sources */ = {isa = PBXBuildFile; fileRef = 84414B9D1517959D00E959AB /* main.m */; };
		84414BA21517959D00E959AB /* March22AppDelegate.m in Sources */ = {isa = PBXBuildFile; fileRef = 84414BA11517959D00E959AB /* March22AppDelegate.m */; };
/* End PBXBuildFile section */

/* Begin PBXFileReference section */
		84414B8D1517959D00E959AB /* March22.app */ = {isa = PBXFileReference; explicitFileType = wrapper.application; includeInIndex = 0; path = March22.app; sourceTree = BUILT_PRODUCTS_DIR; };
		84414B911517959D00E959AB /* UIKit.framework */ = {isa = PBXFileReference; lastKnownFileType = wrapper.framework; name = UIKit.framework; path = System/Library/Frameworks/UIKit.framework; sourceTree = SDKROOT; };
		84414B931517959D00E959AB /* Foundation.framework */ = {isa = PBXFileReference; lastKnownFileType = wrapper.framework; name = Foundation.framework; path = System/Library/Frameworks/Foundation.framework; sourceTree = SDKROOT; };
		84414B951517959D00E959AB /* CoreGraphics.framework */ = {isa = PBXFileReference; lastKnownFileType = wrapper.framework; name = CoreGraphics.framework; path = System/Library/Frameworks/CoreGraphics.framework; sourceTree = SDKROOT; };
		84414B991517959D00E959AB /* March22-Info.plist */ = {isa = PBXFileReference; lastKnownFileType = text.plist.xml; path = "March22-Info.plist"; sourceTree = "<group>"; };
		84414B9B1517959D00E959AB /* en */ = {isa = PBXFileReference; lastKnownFileType = text.plist.strings; name = en; path = en.lproj/InfoPlist.strings; sourceTree = "<group>"; };
		84414B9D1517959D00E959AB /* main.m */ = {isa = PBXFileReference; lastKnownFileType = sourcecode.c.objc; path = main.m; sourceTree = "<group>"; };
		84414B9F1517959D00E959AB /* March22-Prefix.pch */ = {isa = PBXFileReference; lastKnownFileType = sourcecode.c.h; path = "March22-Prefix.pch"; sourceTree = "<group>"; };
		84414BA01517959D00E959AB /* March22AppDelegate.h */ = {isa = PBXFileReference; lastKnownFileType = sourcecode.c.h; path = March22AppDelegate.h; sourceTree = "<group>"; };
		84414BA11517959D00E959AB /* March22AppDelegate.m */ = {isa = PBXFileReference; lastKnownFileType = sourcecode.c.objc; path = March22AppDelegate.m; sourceTree = "<group>"; };
/* End PBXFileReference section */

/* Begin PBXFrameworksBuildPhase section */
		84414B8A1517959D00E959AB /* Frameworks */ = {
			isa = PBXFrameworksBuildPhase;
			buildActionMask = 2147483647;
			files = (
				84414B921517959D00E959AB /* UIKit.framework in Frameworks */,
				84414B941517959D00E959AB /* Foundation.framework in Frameworks */,
				84414B961517959D00E959AB /* CoreGraphics.framework in Frameworks */,
			);
			runOnlyForDeploymentPostprocessing = 0;
		};
/* End PBXFrameworksBuildPhase section */

/* Begin PBXGroup section */
		84414B821517959D00E959AB = {
			isa = PBXGroup;
			children = (
				84414B971517959D00E959AB /* March22 */,
				84414B901517959D00E959AB /* Frameworks */,
				84414B8E1517959D00E959AB /* Products */,
			);
			sourceTree = "<group>";
		};
		84414B8E1517959D00E959AB /* Products */ = {
			isa = PBXGroup;
			children = (
				84414B8D1517959D00E959AB /* March22.app */,
			);
			name = Products;
			sourceTree = "<group>";
		};
		84414B901517959D00E959AB /* Frameworks */ = {
			isa = PBXGroup;
			children = (
				84414B911517959D00E959AB /* UIKit.framework */,
				84414B931517959D00E959AB /* Foundation.framework */,
				84414B951517959D00E959AB /* CoreGraphics.framework */,
			);
			name = Frameworks;
			sourceTree = "<group>";
		};
		84414B971517959D00E959AB /* March22 */ = {
			isa = PBXGroup;
			children = (
				84414BA01517959D00E959AB /* March22AppDelegate.h */,
				84414BA11517959D00E959AB /* March22AppDelegate.m */,
				84414B981517959D00E959AB /* Supporting Files */,
			);
			path = March22;
			sourceTree = "<group>";
		};
		84414B981517959D00E959AB /* Supporting Files */ = {
			isa = PBXGroup;
			children = (
				84414B991517959D00E959AB /* March22-Info.plist */,
				84414B9A1517959D00E959AB /* InfoPlist.strings */,
				84414B9D1517959D00E959AB /* main.m */,
				84414B9F1517959D00E959AB /* March22-Prefix.pch */,
			);
			name = "Supporting Files";
			sourceTree = "<group>";
		};
/* End PBXGroup section */

/* Begin PBXNativeTarget section */
		84414B8C1517959D00E959AB /* March22 */ = {
			isa = PBXNativeTarget;
			buildConfigurationList = 84414BA51517959D00E959AB /* Build configuration list for PBXNativeTarget "March22" */;
			buildPhases = (
				84414B891517959D00E959AB /* Sources */,
				84414B8A1517959D00E959AB /* Frameworks */,
				84414B8B1517959D00E959AB /* Resources */,
			);
			buildRules = (
			);
			dependencies = (
			);
			name = March22;
			productName = March22;
			productReference = 84414B8D1517959D00E959AB /* March22.app */;
			productType = "com.apple.product-type.application";
		};
/* End PBXNativeTarget section */

/* Begin PBXProject section */
		84414B841517959D00E959AB /* Project object */ = {
			isa = PBXProject;
			attributes = {
				CLASSPREFIX = March22;
				LastUpgradeCheck = 0430;
			};
			buildConfigurationList = 84414B871517959D00E959AB /* Build configuration list for PBXProject "March22" */;
			compatibilityVersion = "Xcode 3.2";
			developmentRegion = English;
			hasScannedForEncodings = 0;
			knownRegions = (
				en,
			);
			mainGroup = 84414B821517959D00E959AB;
			productRefGroup = 84414B8E1517959D00E959AB /* Products */;
			projectDirPath = "";
			projectRoot = "";
			targets = (
				84414B8C1517959D00E959AB /* March22 */,
			);
		};
/* End PBXProject section */

/* Begin PBXResourcesBuildPhase section */
		84414B8B1517959D00E959AB /* Resources */ = {
			isa = PBXResourcesBuildPhase;
			buildActionMask = 2147483647;
			files = (
				84414B9C1517959D00E959AB /* InfoPlist.strings in Resources */,
			);
			runOnlyForDeploymentPostprocessing = 0;
		};
/* End PBXResourcesBuildPhase section */

/* Begin PBXSourcesBuildPhase section */
		84414B891517959D00E959AB /* Sources */ = {
			isa = PBXSourcesBuildPhase;
			buildActionMask = 2147483647;
			files = (
				84414B9E1517959D00E959AB /* main.m in Sources */,
				84414BA21517959D00E959AB /* March22AppDelegate.m in Sources */,
			);
			runOnlyForDeploymentPostprocessing = 0;
		};
/* End PBXSourcesBuildPhase section */

/* Begin PBXVariantGroup section */
		84414B9A1517959D00E959AB /* InfoPlist.strings */ = {
			isa = PBXVariantGroup;
			children = (
				84414B9B1517959D00E959AB /* en */,
			);
			name = InfoPlist.strings;
			sourceTree = "<group>";
		};
/* End PBXVariantGroup section */

/* Begin XCBuildConfiguration section */
		84414BA31517959D00E959AB /* Debug */ = {
			isa = XCBuildConfiguration;
			buildSettings = {
				ALWAYS_SEARCH_USER_PATHS = NO;
				ARCHS = "$(ARCHS_STANDARD_32_BIT)";
				CLANG_ENABLE_OBJC_ARC = YES;
				"CODE_SIGN_IDENTITY[sdk=iphoneos*]" = "iPhone Developer";
				COPY_PHASE_STRIP = NO;
				GCC_C_LANGUAGE_STANDARD = gnu99;
				GCC_DYNAMIC_NO_PIC = NO;
				GCC_OPTIMIZATION_LEVEL = 0;
				GCC_PREPROCESSOR_DEFINITIONS = (
					"DEBUG=1",
					"$(inherited)",
				);
				GCC_SYMBOLS_PRIVATE_EXTERN = NO;
				GCC_VERSION = com.apple.compilers.llvm.clang.1_0;
				GCC_WARN_ABOUT_RETURN_TYPE = YES;
				GCC_WARN_UNINITIALIZED_AUTOS = YES;
				GCC_WARN_UNUSED_VARIABLE = YES;
				IPHONEOS_DEPLOYMENT_TARGET = 5.0;
				SDKROOT = iphoneos;
			};
			name = Debug;
		};
		84414BA41517959D00E959AB /* Release */ = {
			isa = XCBuildConfiguration;
			buildSettings = {
				ALWAYS_SEARCH_USER_PATHS = NO;
				ARCHS = "$(ARCHS_STANDARD_32_BIT)";
				CLANG_ENABLE_OBJC_ARC = YES;
				"CODE_SIGN_IDENTITY[sdk=iphoneos*]" = "iPhone Developer";
				COPY_PHASE_STRIP = YES;
				GCC_C_LANGUAGE_STANDARD = gnu99;
				GCC_VERSION = com.apple.compilers.llvm.clang.1_0;
				GCC_WARN_ABOUT_RETURN_TYPE = YES;
				GCC_WARN_UNINITIALIZED_AUTOS = YES;
				GCC_WARN_UNUSED_VARIABLE = YES;
				IPHONEOS_DEPLOYMENT_TARGET = 5.0;
				OTHER_CFLAGS = "-DNS_BLOCK_ASSERTIONS=1";
				SDKROOT = iphoneos;
				VALIDATE_PRODUCT = YES;
			};
			name = Release;
		};
		84414BA61517959D00E959AB /* Debug */ = {
			isa = XCBuildConfiguration;
			buildSettings = {
				"CODE_SIGN_ENTITLEMENTS[sdk=iphoneos*]" = "";
				GCC_PRECOMPILE_PREFIX_HEADER = YES;
				GCC_PREFIX_HEADER = "March22/March22-Prefix.pch";
				INFOPLIST_FILE = "March22/March22-Info.plist";
				PRODUCT_NAME = "$(TARGET_NAME)";
				WRAPPER_EXTENSION = app;
			};
			name = Debug;
		};
		84414BA71517959D00E959AB /* Release */ = {
			isa = XCBuildConfiguration;
			buildSettings = {
				"CODE_SIGN_ENTITLEMENTS[sdk=iphoneos*]" = "";
				CODE_SIGN_IDENTITY = "iPhone Distribution";
				GCC_PRECOMPILE_PREFIX_HEADER = YES;
				GCC_PREFIX_HEADER = "March22/March22-Prefix.pch";
				INFOPLIST_FILE = "March22/March22-Info.plist";
				PRODUCT_NAME = "$(TARGET_NAME)";
				PROVISIONING_PROFILE = "";
				WRAPPER_EXTENSION = app;
			};
			name = Release;
		};
/* End XCBuildConfiguration section */

/* Begin XCConfigurationList section */
		84414B871517959D00E959AB /* Build configuration list for PBXProject "March22" */ = {
			isa = XCConfigurationList;
			buildConfigurations = (
				84414BA31517959D00E959AB /* Debug */,
				84414BA41517959D00E959AB /* Release */,
			);
			defaultConfigurationIsVisible = 0;
			defaultConfigurationName = Release;
		};
		84414BA51517959D00E959AB /* Build configuration list for PBXNativeTarget "March22" */ = {
			isa = XCConfigurationList;
			buildConfigurations = (
				84414BA61517959D00E959AB /* Debug */,
				84414BA71517959D00E959AB /* Release */,
			);
			defaultConfigurationIsVisible = 0;
		};
/* End XCConfigurationList section */
	};
	rootObject = 84414B841517959D00E959AB /* Project object */;
}
